<?xml version="1.0" encoding="utf-8"?>
<Project ToolsVersion="4.0" xmlns="http://schemas.microsoft.com/developer/msbuild/2003">
  <ItemGroup>
    <Filter Include="Source Files">
      <UniqueIdentifier>{4FC737F1-C7A5-4376-A066-2A32D752A2FF}</UniqueIdentifier>
      <Extensions>cpp;c;cc;cxx;def;odl;idl;hpj;bat;asm;asmx</Extensions>
    </Filter>
    <Filter Include="Header Files">
      <UniqueIdentifier>{93995380-89BD-4b04-88EB-625FBE52EBFB}</UniqueIdentifier>
      <Extensions>h;hpp;hxx;hm;inl;inc;xsd</Extensions>
    </Filter>
    <Filter Include="Resource Files">
      <UniqueIdentifier>{67DA6AB6-F800-4c08-8B7A-83BB121AAD01}</UniqueIdentifier>
      <Extensions>rc;ico;cur;bmp;dlg;rc2;rct;bin;rgs;gif;jpg;jpeg;jpe;resx;tiff;tif;png;wav;mfcribbon-ms</Extensions>
    </Filter>
    <Filter Include="Header Files\GUI">
      <UniqueIdentifier>{22e2b0bc-f28e-45ed-9520-ac4a100308f8}</UniqueIdentifier>
    </Filter>
    <Filter Include="Source Files\GUI">
      <UniqueIdentifier>{5704d88c-12e6-440c-ac60-749a7537dee5}</UniqueIdentifier>
    </Filter>
    <Filter Include="Header Files\Game">
      <UniqueIdentifier>{e4f9f922-ff26-4b48-ba63-a3aae427e437}</UniqueIdentifier>
    </Filter>
    <Filter Include="Source Files\Game">
      <UniqueIdentifier>{33cb6333-8838-46a7-bb87-58b7e0b3d5a4}</UniqueIdentifier>
    </Filter>
    <Filter Include="Header Files\Misc">
      <UniqueIdentifier>{29d8c298-723c-4c83-a57b-260c4ddbe412}</UniqueIdentifier>
    </Filter>
    <Filter Include="Header Files\GUI\Sheets">
      <UniqueIdentifier>{9f8775ab-1f59-43bc-b87d-c63d41011b4c}</UniqueIdentifier>
    </Filter>
    <Filter Include="Source Files\GUI\Sheets">
      <UniqueIdentifier>{297565fd-2335-42dc-8563-cdb77115221d}</UniqueIdentifier>
    </Filter>
  </ItemGroup>
  <ItemGroup>
    <ClCompile Include="src\main.cpp">
      <Filter>Source Files</Filter>
    </ClCompile>
    <ClCompile Include="src\AppManager.cpp">
      <Filter>Source Files</Filter>
    </ClCompile>
    <ClCompile Include="src\GUIStateMachine.cpp">
      <Filter>Source Files\GUI</Filter>
    </ClCompile>
    <ClCompile Include="src\PeasantFactory.cpp">
      <Filter>Source Files\Game</Filter>
    </ClCompile>
    <ClCompile Include="src\Resource.cpp">
      <Filter>Source Files\Game</Filter>
    </ClCompile>
    <ClCompile Include="src\ResourceFactory.cpp">
      <Filter>Source Files\Game</Filter>
    </ClCompile>
    <ClCompile Include="src\Territory.cpp">
      <Filter>Source Files\Game</Filter>
    </ClCompile>
    <ClCompile Include="src\TerritoryFactory.cpp">
      <Filter>Source Files\Game</Filter>
    </ClCompile>
    <ClCompile Include="src\TerrainGenerator.cpp">
      <Filter>Source Files\Game</Filter>
    </ClCompile>
    <ClCompile Include="src\GameMaster.cpp">
      <Filter>Source Files\Game</Filter>
    </ClCompile>
    <ClCompile Include="src\Terrain.cpp">
      <Filter>Source Files\Game</Filter>
    </ClCompile>
    <ClCompile Include="src\TerrainFactory.cpp">
      <Filter>Source Files\Game</Filter>
    </ClCompile>
    <ClCompile Include="src\Level.cpp">
      <Filter>Source Files\Game</Filter>
    </ClCompile>
    <ClCompile Include="src\MainMenuGUISheet.cpp">
      <Filter>Source Files\GUI\Sheets</Filter>
    </ClCompile>
    <ClCompile Include="src\GUISheetManager.cpp">
      <Filter>Source Files\GUI</Filter>
    </ClCompile>
    <ClCompile Include="src\NewGameGUISheet.cpp">
      <Filter>Source Files\GUI\Sheets</Filter>
    </ClCompile>
    <ClCompile Include="src\InGameGUISheet.cpp">
      <Filter>Source Files\GUI\Sheets</Filter>
    </ClCompile>
  </ItemGroup>
  <ItemGroup>
    <ClInclude Include="src\AppManager.h">
      <Filter>Header Files</Filter>
    </ClInclude>
    <ClInclude Include="src\GUIStateMachine.h">
      <Filter>Header Files\GUI</Filter>
    </ClInclude>
    <ClInclude Include="src\GUIMenu.h">
      <Filter>Header Files\GUI</Filter>
    </ClInclude>
    <ClInclude Include="src\Peasant.h">
      <Filter>Header Files\Game</Filter>
    </ClInclude>
    <ClInclude Include="src\PeasantFactory.h">
      <Filter>Header Files\Game</Filter>
    </ClInclude>
    <ClInclude Include="src\Player.h">
      <Filter>Header Files\Game</Filter>
    </ClInclude>
    <ClInclude Include="src\Resource.h">
      <Filter>Header Files\Game</Filter>
    </ClInclude>
    <ClInclude Include="src\ResourceFactory.h">
      <Filter>Header Files\Game</Filter>
    </ClInclude>
    <ClInclude Include="src\Territory.h">
      <Filter>Header Files\Game</Filter>
    </ClInclude>
    <ClInclude Include="src\TerritoryFactory.h">
      <Filter>Header Files\Game</Filter>
    </ClInclude>
    <ClInclude Include="src\IdGenerator.h">
      <Filter>Header Files\Misc</Filter>
    </ClInclude>
    <ClInclude Include="src\GameMaster.h">
      <Filter>Header Files\Game</Filter>
    </ClInclude>
    <ClInclude Include="src\TerrainGenerator.h">
      <Filter>Header Files\Game</Filter>
    </ClInclude>
    <ClInclude Include="src\Terrain.h">
      <Filter>Header Files\Game</Filter>
    </ClInclude>
    <ClInclude Include="src\TerrainFactory.h">
      <Filter>Header Files\Game</Filter>
    </ClInclude>
    <ClInclude Include="StringTrim.h">
      <Filter>Header Files\Misc</Filter>
    </ClInclude>
    <ClInclude Include="src\Level.h">
      <Filter>Header Files\Game</Filter>
    </ClInclude>
    <ClInclude Include="src\AbstractGUISheet.h">
      <Filter>Header Files\GUI\Sheets</Filter>
    </ClInclude>
    <ClInclude Include="src\MainMenuGUISheet.h">
      <Filter>Header Files\GUI\Sheets</Filter>
    </ClInclude>
    <ClInclude Include="src\GUISheetManager.h">
      <Filter>Header Files\GUI</Filter>
    </ClInclude>
    <ClInclude Include="src\GUIStates.h">
      <Filter>Header Files\GUI</Filter>
    </ClInclude>
    <ClInclude Include="src\NewGameGUISheet.h">
      <Filter>Header Files\GUI\Sheets</Filter>
    </ClInclude>
    <ClInclude Include="src\CoolStuff.h">
      <Filter>Header Files\Misc</Filter>
    </ClInclude>
    <ClInclude Include="src\InGameGUISheet.h">
      <Filter>Header Files\GUI\Sheets</Filter>
    </ClInclude>
    <ClInclude Include="src\SplashScreenGUISheet.h">
      <Filter>Header Files\GUI\Sheets</Filter>
    </ClInclude>
    <ClInclude Include="src\LoadingScreenGUISheet.h">
      <Filter>Header Files\GUI\Sheets</Filter>
    </ClInclude>
    <ClInclude Include="src\OptionsMenuGUISheet.h">
      <Filter>Header Files\GUI\Sheets</Filter>
    </ClInclude>
    <ClInclude Include="src\LoadGameGUISheet.h">
      <Filter>Header Files\GUI\Sheets</Filter>
    </ClInclude>
    <ClInclude Include="src\CinematicGUISheet.h">
      <Filter>Header Files\GUI\Sheets</Filter>
    </ClInclude>
    <ClInclude Include="src\Season.h">
      <Filter>Header Files\Game</Filter>
    </ClInclude>
  </ItemGroup>
</Project>